
Microsoft Visual Studio Solution File, Format Version 12.00
# Visual Studio Version 17
VisualStudioVersion = 17.3.32929.385
MinimumVisualStudioVersion = 10.0.40219.1
Project("{FAE04EC0-301F-11D3-BF4B-00C04F79EFBC}") = "WinFormsApp1", "WinFormsApp1\WinFormsApp1.csproj", "{96C34E68-AA86-41F9-BF41-6971A73016F0}"
EndProject
Global
	GlobalSection(SolutionConfigurationPlatforms) = preSolution
		Debug|Any CPU = Debug|Any CPU
		Release|Any CPU = Release|Any CPU
	EndGlobalSection
	GlobalSection(ProjectConfigurationPlatforms) = postSolution
		{96C34E68-AA86-41F9-BF41-6971A73016F0}.Debug|Any CPU.ActiveCfg = Debug|Any CPU
		{96C34E68-AA86-41F9-BF41-6971A73016F0}.Debug|Any CPU.Build.0 = Debug|Any CPU
		{96C34E68-AA86-41F9-BF41-6971A73016F0}.Release|Any CPU.ActiveCfg = Release|Any CPU
		{96C34E68-AA86-41F9-BF41-6971A73016F0}.Release|Any CPU.Build.0 = Release|Any CPU
	EndGlobalSection
	GlobalSection(SolutionProperties) = preSolution
		HideSolutionNode = FALSE
	EndGlobalSection
	GlobalSection(ExtensibilityGlobals) = postSolution
		SolutionGuid = {4B86CBFD-6773-4DC4-A0DC-E2AA05E79313}
	EndGlobalSection
EndGlobal
